
Microsoft Visual Studio Solution File, Format Version 12.00
# Visual Studio Version 17
VisualStudioVersion = 17.4.33103.184
MinimumVisualStudioVersion = 10.0.40219.1
Project("{FAE04EC0-301F-11D3-BF4B-00C04F79EFBC}") = "RecipeWinForms", "RecipeWinForms\RecipeWinForms.csproj", "{9CF07F0E-4142-4653-8DA1-9E7114E2B2D4}"
EndProject
Project("{9A19103F-16F7-4668-BE54-9A1E7A4F7556}") = "CPUFrameWork", "..\..\CPUFrameWork\CPUFrameWork.csproj", "{19E43B7D-935C-4291-AFE9-059F9D9E8824}"
EndProject
Global
	GlobalSection(SolutionConfigurationPlatforms) = preSolution
		Debug|Any CPU = Debug|Any CPU
		Release|Any CPU = Release|Any CPU
	EndGlobalSection
	GlobalSection(ProjectConfigurationPlatforms) = postSolution
		{9CF07F0E-4142-4653-8DA1-9E7114E2B2D4}.Debug|Any CPU.ActiveCfg = Debug|Any CPU
		{9CF07F0E-4142-4653-8DA1-9E7114E2B2D4}.Debug|Any CPU.Build.0 = Debug|Any CPU
		{9CF07F0E-4142-4653-8DA1-9E7114E2B2D4}.Release|Any CPU.ActiveCfg = Release|Any CPU
		{9CF07F0E-4142-4653-8DA1-9E7114E2B2D4}.Release|Any CPU.Build.0 = Release|Any CPU
		{19E43B7D-935C-4291-AFE9-059F9D9E8824}.Debug|Any CPU.ActiveCfg = Debug|Any CPU
		{19E43B7D-935C-4291-AFE9-059F9D9E8824}.Debug|Any CPU.Build.0 = Debug|Any CPU
		{19E43B7D-935C-4291-AFE9-059F9D9E8824}.Release|Any CPU.ActiveCfg = Release|Any CPU
		{19E43B7D-935C-4291-AFE9-059F9D9E8824}.Release|Any CPU.Build.0 = Release|Any CPU
	EndGlobalSection
	GlobalSection(SolutionProperties) = preSolution
		HideSolutionNode = FALSE
	EndGlobalSection
	GlobalSection(ExtensibilityGlobals) = postSolution
		SolutionGuid = {2358BC3E-2314-4A8B-A51D-2F605CFA4A19}
	EndGlobalSection
EndGlobal
